
Microsoft Visual Studio Solution File, Format Version 12.00
# Visual Studio Version 17
VisualStudioVersion = 17.9.34622.214
MinimumVisualStudioVersion = 10.0.40219.1
Project("{FAE04EC0-301F-11D3-BF4B-00C04F79EFBC}") = "AljabarLibraries", "AljabarLibraries\AljabarLibraries.csproj", "{3FFC4634-844D-45B5-B87A-5858036D227A}"
EndProject
Project("{FAE04EC0-301F-11D3-BF4B-00C04F79EFBC}") = "AljabarApp", "AljabarApp\AljabarApp.csproj", "{7B36EF0A-F83F-4484-BB9A-DA7E8565758F}"
EndProject
Global
	GlobalSection(SolutionConfigurationPlatforms) = preSolution
		Debug|Any CPU = Debug|Any CPU
		Release|Any CPU = Release|Any CPU
	EndGlobalSection
	GlobalSection(ProjectConfigurationPlatforms) = postSolution
		{3FFC4634-844D-45B5-B87A-5858036D227A}.Debug|Any CPU.ActiveCfg = Debug|Any CPU
		{3FFC4634-844D-45B5-B87A-5858036D227A}.Debug|Any CPU.Build.0 = Debug|Any CPU
		{3FFC4634-844D-45B5-B87A-5858036D227A}.Release|Any CPU.ActiveCfg = Release|Any CPU
		{3FFC4634-844D-45B5-B87A-5858036D227A}.Release|Any CPU.Build.0 = Release|Any CPU
		{7B36EF0A-F83F-4484-BB9A-DA7E8565758F}.Debug|Any CPU.ActiveCfg = Debug|Any CPU
		{7B36EF0A-F83F-4484-BB9A-DA7E8565758F}.Debug|Any CPU.Build.0 = Debug|Any CPU
		{7B36EF0A-F83F-4484-BB9A-DA7E8565758F}.Release|Any CPU.ActiveCfg = Release|Any CPU
		{7B36EF0A-F83F-4484-BB9A-DA7E8565758F}.Release|Any CPU.Build.0 = Release|Any CPU
	EndGlobalSection
	GlobalSection(SolutionProperties) = preSolution
		HideSolutionNode = FALSE
	EndGlobalSection
	GlobalSection(ExtensibilityGlobals) = postSolution
		SolutionGuid = {B5D9D6A6-F767-43D4-8225-FB2C5EEC56A9}
	EndGlobalSection
EndGlobal
